uuid: c85b217e-969f-45fc-9c92-05aee6bca22b
langcode: en
status: true
dependencies:
  config:
    - views.view.announcements
  module:
    - block_class
    - system
    - views
  theme:
    - oden
third_party_settings:
  block_class:
    classes: ''
id: views_block__announcements_block
theme: oden
region: content
weight: -10
provider: null
plugin: 'views_block:announcements-block'
settings:
  id: 'views_block:announcements-block'
  label: ''
  provider: views
  label_display: visible
  views_label: ''
  items_per_page: none
visibility:
  request_path:
    id: request_path
    pages: '<front>'
    negate: false
    context_mapping: {  }
