uuid: 4180a0c5-50f3-412b-b88a-ec80a5ff8d17
langcode: en
status: true
dependencies:
  config:
    - views.view.library_categories
  module:
    - block_class
    - system
    - views
  theme:
    - oden
third_party_settings:
  block_class:
    classes: block--library-categories
id: views_block__library_categories_block
theme: oden
region: content
weight: -9
provider: null
plugin: 'views_block:library_categories-block'
settings:
  id: 'views_block:library_categories-block'
  label: ''
  provider: views
  label_display: '0'
  views_label: ''
  items_per_page: none
visibility:
  request_path:
    id: request_path
    pages: "/about-us/library\r\n/node/10"
    negate: false
    context_mapping: {  }
